code.cloudfoundry.org/bytefmt v0.0.0-20180108190415-b31f603f5e1e h1:R3Kkucb2Lbd/gFOKivb+HidzSL5o8eB+eWL2YqoIOss=
code.cloudfoundry.org/bytefmt v0.0.0-20180108190415-b31f603f5e1e/go.mod h1:wN/zk7mhREp/oviagqUXY3EwuHhWyOvAdsn5Y4CzOrc=
git.apache.org/thrift.git v0.0.0-20180902110319-2566ecd5d999/go.mod h1:fPE2ZNJGynbRyZ4dJvy6G277gSllfV2HJqblrnkyeyg=
git.apache.org/thrift.git v0.0.0-20181106172052-f7d43ce0aa58 h1:EHS1UFCm15UaESc6sDj3+hFeHwxEbqmqL577eMj6eAo=
git.apache.org/thrift.git v0.0.0-20181106172052-f7d43ce0aa58/go.mod h1:fPE2ZNJGynbRyZ4dJvy6G277gSllfV2HJqblrnkyeyg=
github.com/DATA-DOG/godog v0.7.6 h1:S/fkrl4tfhg4lbckMC2h33RSebSfg8wodLh3fA+xvI8=
github.com/DATA-DOG/godog v0.7.6/go.mod h1:z2OZ6a3X0/YAKVqLfVzYBwFt3j6uSt3Xrqa7XTtcQE0=
github.com/DataDog/datadog-go v0.0.0-20180330214955-e67964b4021a h1:zpQSzEApXM0qkXcpdjeJ4OpnBWhD/X8zT/iT1wYLiVU=
github.com/DataDog/datadog-go v0.0.0-20180330214955-e67964b4021a/go.mod h1:LButxg5PwREeZtORoXG3tL4fMGNddJ+vMq1mwgfaqoQ=
github.com/Knetic/govaluate v3.0.0+incompatible h1:7o6+MAPhYTCF0+fdvoz1xDedhRb4f6s9Tn1Tt7/WTEg=
github.com/Knetic/govaluate v3.0.0+incompatible/go.mod h1:r7JcOSlj0wfOMncg0iLm8Leh48TZaKVeNIfJntJ2wa0=
github.com/afex/hystrix-go v0.0.0-20180406012432-f86abeeb9f72 h1:hW/jpTPpITwTVbhA5EA3i7oPsX4mJWNYwK099RFRSC8=
github.com/afex/hystrix-go v0.0.0-20180406012432-f86abeeb9f72/go.mod h1:SkGFH1ia65gfNATL8TAiHDNxPzPdmEL5uirI2Uyuz6c=
github.com/asaskevich/govalidator v0.0.0-20171111151018-521b25f4b05f h1:xHxhygLkJBQaXZ7H0JUpmqK/gfKO2DZXB7gAKT6bbBs=
github.com/asaskevich/govalidator v0.0.0-20171111151018-521b25f4b05f/go.mod h1:lB+ZfQJz7igIIfQNfa7Ml4HSf2uFQQRzpGGRXenZAgY=
github.com/beorn7/perks v0.0.0-20180321164747-3a771d992973 h1:xJ4a3vCFaGF/jqvzLMYoU8P317H5OQ+Via4RmuPwCS0=
github.com/beorn7/perks v0.0.0-20180321164747-3a771d992973/go.mod h1:Dwedo/Wpr24TaqPxmxbtue+5NUziq4I4S80YR8gNf3Q=
github.com/bshuster-repo/logrus-logstash-hook v0.4.1 h1:pgAtgj+A31JBVtEHu2uHuEx0n+2ukqUJnS2vVe5pQNA=
github.com/bshuster-repo/logrus-logstash-hook v0.4.1/go.mod h1:zsTqEiSzDgAa/8GZR7E1qaXrhYNDKBYy5/dWPTIflbk=
github.com/cactus/go-statsd-client v3.1.1+incompatible h1:p97okCU2aaeSxQ6KzMdGEwQkiGBMys71/J0XWoirbJY=
github.com/cactus/go-statsd-client v3.1.1+incompatible/go.mod h1:cMRcwZDklk7hXp+Law83urTHUiHMzCev/r4JMYr/zU0=
github.com/davecgh/go-spew v1.1.0 h1:ZDRjVQ15GmhC3fiQ8ni8+OwkZQO4DARzQgrnXU1Liz8=
github.com/davecgh/go-spew v1.1.0/go.mod h1:J7Y8YcW2NihsgmVo/mv3lAwl/skON4iLHjSsI+c5H38=
github.com/dgrijalva/jwt-go v3.2.0+incompatible h1:7qlOGliEKZXTDg6OTjfoBKDXWrumCAMpl/TFQ4/5kLM=
github.com/dgrijalva/jwt-go v3.2.0+incompatible/go.mod h1:E3ru+11k8xSBh+hMPgOLZmtrrCbhqsmaPHjLKYnJCaQ=
github.com/felixge/httpsnoop v1.0.0 h1:gh8fMGz0rlOv/1WmRZm7OgncIOTsAj21iNJot48omJQ=
github.com/felixge/httpsnoop v1.0.0/go.mod h1:3+D9sFq0ahK/JeJPhCBUV1xlf4/eIYrUQaxulT0VzX8=
github.com/fiam/gounidecode v0.0.0-20150629112515-8deddbd03fec h1:XvkU8wCqlvrrxuEw4h11yu9yq8ciB5w2Js+VSwp0WWQ=
github.com/fiam/gounidecode v0.0.0-20150629112515-8deddbd03fec/go.mod h1:WuPQ88SgkK3OxlJQxlU/PBVn8FOC1JPjXINk7JhOQOA=
github.com/fsnotify/fsnotify v1.4.7 h1:IXs+QLmnXW2CcXuY+8Mzv/fWEsPGWxqefPtCP5CnV9I=
github.com/fsnotify/fsnotify v1.4.7/go.mod h1:jwhsz4b93w/PPRr/qN1Yymfu8t87LnFCMoQvtojpjFo=
github.com/ghodss/yaml v1.0.0/go.mod h1:4dBDuWmgqj2HViK6kFavaiC9ZROes6MMH2rRYeMEF04=
github.com/globalsign/mgo v0.0.0-20180424091348-efe0945164a7 h1:f9RgCD1LYkY7koOuLoaUxVs/z4oxmxQWZsEU8CezqOU=
github.com/globalsign/mgo v0.0.0-20180424091348-efe0945164a7/go.mod h1:xkRDCp4j0OGD1HRkm4kmhM+pmpv3AKq5SU7GMg4oO/Q=
github.com/go-chi/chi v3.3.2+incompatible h1:uQNcQN3NsV1j4ANsPh42P4ew4t6rnRbJb8frvpp31qQ=
github.com/go-chi/chi v3.3.2+incompatible/go.mod h1:eB3wogJHnLi3x/kFX2A+IbTBlXxmMeXJVKy9tTv1XzQ=
github.com/go-redis/redis v6.12.0+incompatible h1:s+64XI+z/RXqGHz2fQSgRJOEwqqSXeX3dliF7iVkMbE=
github.com/go-redis/redis v6.12.0+incompatible/go.mod h1:NAIEuMOZ/fxfXJIrKDQDz8wamY7mA7PouImQ2Jvg6kA=
github.com/gofrs/uuid v3.2.0+incompatible h1:y12jRkkFxsd7GpqdSZ+/KCs/fJbqpEXSGd4+jfEaewE=
github.com/gofrs/uuid v3.2.0+incompatible/go.mod h1:b2aQJv3Z4Fp6yNu3cdSllBxTCLRxnplIgP/c0N/04lM=
github.com/golang/glog v0.0.0-20160126235308-23def4e6c14b/go.mod h1:SBH7ygxi8pfUlaOkMMuAQtPIUF8ecWP5IEl/CR7VP2Q=
github.com/golang/protobuf v1.2.0 h1:P3YflyNX/ehuJFLhxviNdFxQPkGK5cDcApsge1SqnvM=
github.com/golang/protobuf v1.2.0/go.mod h1:6lQm79b+lXiMfvg/cZm0SGofjICqVBUtrP5yJMmIC1U=
github.com/google/go-cmp v0.2.0/go.mod h1:oXzfMopK8JAjlY9xF4vHSVASa0yLyX7SntLO5aqRK0M=
github.com/google/go-github v0.0.0-20180123235826-b1f138353a62 h1:+aYgS2LQXaXBpM2cOkq8kEML87Xj+pMCPMu4ZhggYBM=
github.com/google/go-github v0.0.0-20180123235826-b1f138353a62/go.mod h1:zLgOLi98H3fifZn+44m+umXrS52loVEgC2AApnigrVQ=
github.com/google/go-querystring v0.0.0-20170111101155-53e6ce116135 h1:zLTLjkaOFEFIOxY5BWLFLwh+cL8vOBW4XJ2aqLE/Tf0=
github.com/google/go-querystring v0.0.0-20170111101155-53e6ce116135/go.mod h1:odCYkC5MyYFN7vkCjXpyrEuKhc/BUO6wN/zVPAxq5ck=
github.com/grpc-ecosystem/grpc-gateway v1.5.0/go.mod h1:RSKVYQBd5MCa4OVpNdGskqpgL2+G+NZTnrVHpWWfpdw=
github.com/hashicorp/hcl v0.0.0-20171017181929-23c074d0eceb h1:1OvvPvZkn/yCQ3xBcM8y4020wdkMXPHLB4+NfoGWh4U=
github.com/hashicorp/hcl v0.0.0-20171017181929-23c074d0eceb/go.mod h1:oZtUIOe8dh44I2q6ScRibXws4Ajl+d+nod3AaR9vL5w=
github.com/hellofresh/health-go v1.2.6 h1:qL3H7n3Vjz1tR9F6yvs5jO5IKh0e7ptIt+/1aDNLETg=
github.com/hellofresh/health-go v1.2.6/go.mod h1:/lE+J/PDTYpbLHXGSzpRSRaF5fUegajdWaXfYW9dWQQ=
github.com/hellofresh/janus v0.0.0-20190211131543-6878f1931887 h1:gfBYA42RgPNntvEdSh0+r9LZRRnaMQ0MsQIQ+Ifmh+Y=
github.com/hellofresh/janus v0.0.0-20190211131543-6878f1931887/go.mod h1:pgiQPAapfj0QlpEMFUqFK1MNULNRHOmA4p6cvnlXLvc=
github.com/hellofresh/logging-go v0.1.6 h1:cY/pZ7Doo+jm+AyFY+MnwBsS8sxF1LN8DEVke2xNmXI=
github.com/hellofresh/logging-go v0.1.6/go.mod h1:gwpkafA8SxN1O16aSWH4DMCp0+48miJHeeyaI5bl6HY=
github.com/hellofresh/stats-go v0.8.0 h1:rWMeTJ/9FU7Hob/Ci7j1wa9pHfNj8LtdUYNC6jLcT2s=
github.com/hellofresh/stats-go v0.8.0/go.mod h1:8ukhFqK19hqGqF1SyR7ljKBUztsYDxvYRevJ9oOZzhQ=
github.com/inconshreveable/mousetrap v1.0.0/go.mod h1:PxqpIevigyE2G7u3NXJIT2ANytuPF1OarO4DADm73n8=
github.com/kelseyhightower/envconfig v1.3.0 h1:IvRS4f2VcIQy6j4ORGIf9145T/AsUB+oY8LyvN8BXNM=
github.com/kelseyhightower/envconfig v1.3.0/go.mod h1:cccZRl6mQpaq41TPp5QxidR+Sa3axMbJDNb//FQX6Gg=
github.com/magiconair/properties v1.7.4 h1:UVo0TkHGd4lQSN1dVDzs9URCIgReuSIcCXpAVB9nZ80=
github.com/magiconair/properties v1.7.4/go.mod h1:PppfXfuXeibc/6YijjN8zIbojt8czPbwD3XqdrwzmxQ=
github.com/matttproud/golang_protobuf_extensions v1.0.1 h1:4hp9jkHxhMHkqkrB3Ix0jegS5sx/RkqARlsWZ6pIwiU=
github.com/matttproud/golang_protobuf_extensions v1.0.1/go.mod h1:D8He9yQNgCq6Z5Ld7szi9bcBfOoFv/3dc6xSMkL2PC0=
github.com/mitchellh/go-homedir v0.0.0-20161203194507-b8bc1bf76747 h1:eQox4Rh4ewJF+mqYPxCkmBAirRnPaHEB26UkNuPyjlk=
github.com/mitchellh/go-homedir v0.0.0-20161203194507-b8bc1bf76747/go.mod h1:SfyaCUpYCn1Vlf4IUYiD9fPX4A5wJrkLzIz1N1q0pr0=
github.com/mitchellh/mapstructure v0.0.0-20180111000720-b4575eea38cc h1:5T6hzGUO5OrL6MdYXYoLQtRWJDDgjdlOVBn9mIqGY1g=
github.com/mitchellh/mapstructure v0.0.0-20180111000720-b4575eea38cc/go.mod h1:FVVH3fgwuzCH5S8UJGiWEs2h04kUh9fWfEaFds41c1Y=
github.com/openzipkin/zipkin-go v0.1.1/go.mod h1:NtoC/o8u3JlF1lSlyPNswIbeQH9bJTmOf0Erfk+hxe8=
github.com/pelletier/go-toml v1.1.0 h1:cmiOvKzEunMsAxyhXSzpL5Q1CRKpVv0KQsnAIcSEVYM=
github.com/pelletier/go-toml v1.1.0/go.mod h1:5z9KED0ma1S8pY6P1sdut58dfprrGBbd/94hg7ilaic=
github.com/pkg/errors v0.8.0 h1:WdK/asTD0HN+q6hsWO3/vpuAkAr+tw6aNJNDFFf0+qw=
github.com/pkg/errors v0.8.0/go.mod h1:bwawxfHBFNV+L2hUp1rHADufV3IMtnDRdf1r5NINEl0=
github.com/pmezard/go-difflib v1.0.0 h1:4DBwDE0NGyQoBHbLQYPwSUPoCMWR5BEzIk/f1lZbAQM=
github.com/pmezard/go-difflib v1.0.0/go.mod h1:iKH77koFhYxTK1pcRnkKkqfTogsbg7gZNVY4sRDYZ/4=
github.com/prometheus/client_golang v0.8.0/go.mod h1:7SWBe2y4D6OKWSNQJUaRYU/AaXPKyh/dDVn+NZz0KFw=
github.com/prometheus/client_golang v0.9.1 h1:K47Rk0v/fkEfwfQet2KWhscE0cJzjgCCDBG2KHZoVno=
github.com/prometheus/client_golang v0.9.1/go.mod h1:7SWBe2y4D6OKWSNQJUaRYU/AaXPKyh/dDVn+NZz0KFw=
github.com/prometheus/client_model v0.0.0-20180712105110-5c3871d89910 h1:idejC8f05m9MGOsuEi1ATq9shN03HrxNkD/luQvxCv8=
github.com/prometheus/client_model v0.0.0-20180712105110-5c3871d89910/go.mod h1:MbSGuTsp3dbXC40dX6PRTWyKYBIrTGTE9sqQNg2J8bo=
github.com/prometheus/common v0.0.0-20180801064454-c7de2306084e/go.mod h1:daVV7qP5qjZbuso7PdcryaAu0sAZbrN9i7WWcTMWvro=
github.com/prometheus/common v0.0.0-20181109100915-0b1957f9d949 h1:MVbUQq1a49hMEISI29UcAUjywT3FyvDwx5up90OvVa4=
github.com/prometheus/common v0.0.0-20181109100915-0b1957f9d949/go.mod h1:daVV7qP5qjZbuso7PdcryaAu0sAZbrN9i7WWcTMWvro=
github.com/prometheus/procfs v0.0.0-20180725123919-05ee40e3a273/go.mod h1:c3At6R/oaqEKCNdg8wHV1ftS6bRYblBhIjjI8uT2IGk=
github.com/prometheus/procfs v0.0.0-20181005140218-185b4288413d h1:GoAlyOgbOEIFdaDqxJVlbOQ1DtGmZWs/Qau0hIlk+WQ=
github.com/prometheus/procfs v0.0.0-20181005140218-185b4288413d/go.mod h1:c3At6R/oaqEKCNdg8wHV1ftS6bRYblBhIjjI8uT2IGk=
github.com/rafaeljesus/retry-go v0.0.0-20171214204623-5981a380a879 h1:N482aqhcEGG1KL8VfsMUh1hAndWSXZyxlzroog7oq9w=
github.com/rafaeljesus/retry-go v0.0.0-20171214204623-5981a380a879/go.mod h1:uve1vRfWBCIE8f4CrhS1UfYxdHnLMjpl6KOKA7IkH5g=
github.com/rcrowley/go-metrics v0.0.0-20180406234716-d932a24a8ccb h1:aiaXBnYotW4Sa4NB0QK9jimjnfwCQTzGnNSkZ/qjxlM=
github.com/rcrowley/go-metrics v0.0.0-20180406234716-d932a24a8ccb/go.mod h1:bCqnVzQkZxMG4s8nGwiZ5l3QUCyqpo9Y+/ZMZ9VjZe4=
github.com/rs/cors v1.4.0 h1:98SZukVonBOdXatRLa6GSAtp+IeOjY+nmdEZAxImXXc=
github.com/rs/cors v1.4.0/go.mod h1:gFx+x8UowdsKA9AchylcLynDq+nNFfI8FkUZdN/jGCU=
github.com/sirupsen/logrus v1.0.5 h1:8c8b5uO0zS4X6RPl/sd1ENwSkIc0/H2PaHxE3udaE8I=
github.com/sirupsen/logrus v1.0.5/go.mod h1:pMByvHTf9Beacp5x1UXfOR9xyW/9antXMhjMPG0dEzc=
github.com/spf13/afero v1.0.2 h1:5bRmqmInNmNFkI9NG9O0Xc/Lgl9wOWWUUA/O8XZqTCo=
github.com/spf13/afero v1.0.2/go.mod h1:j4pytiNVoe2o6bmDsKpLACNPDBIoEAkihy7loJ1B0CQ=
github.com/spf13/cast v1.1.0 h1:0Rhw4d6C8J9VPu6cjZLIhZ8+aAOHcDvGeKn+cq5Aq3k=
github.com/spf13/cast v1.1.0/go.mod h1:r2rcYCSwa1IExKTDiTfzaxqT2FNHs8hODu4LnUfgKEg=
github.com/spf13/cobra v0.0.0-20180124073143-f91529fc6092 h1:2o/E9K8mQZ1wijQfwvG9Q8OXe5HtBOuLfXmvG98JbEI=
github.com/spf13/cobra v0.0.0-20180124073143-f91529fc6092/go.mod h1:1l0Ry5zgKvJasoi3XT1TypsSe7PqH0Sj9dhYf7v3XqQ=
github.com/spf13/jwalterweatherman v0.0.0-20180109140146-7c0cea34c8ec h1:2ZXvIUGghLpdTVHR1UfvfrzoVlZaE/yOWC5LueIHZig=
github.com/spf13/jwalterweatherman v0.0.0-20180109140146-7c0cea34c8ec/go.mod h1:cQK4TGJAtQXfYWX+Ddv3mKDzgVb68N+wFjFa4jdeBTo=
github.com/spf13/pflag v1.0.0 h1:oaPbdDe/x0UncahuwiPxW1GYJyilRAdsPnq3e1yaPcI=
github.com/spf13/pflag v1.0.0/go.mod h1:DYY7MBk1bdzusC3SYhjObp+wFpr4gzcvqqNjLnInEg4=
github.com/spf13/viper v1.0.0 h1:RUA/ghS2i64rlnn4ydTfblY8Og8QzcPtCcHvgMn+w/I=
github.com/spf13/viper v1.0.0/go.mod h1:A8kyI5cUJhb8N+3pkfONlcEcZbueH6nhAm0Fq7SrnBM=
github.com/stretchr/testify v1.2.2 h1:bSDNvY7ZPG5RlJ8otE/7V6gMiyenm9RtJ7IUVIAoJ1w=
github.com/stretchr/testify v1.2.2/go.mod h1:a8OnRcib4nhh0OaRAV+Yts87kKdq0PP7pXfy6kDkUVs=
github.com/tidwall/gjson v1.1.0 h1:/7OBSUzFP8NhuzLlHg0vETJrRL02C++0ql5uSY3DITs=
github.com/tidwall/gjson v1.1.0/go.mod h1:c/nTNbUr0E0OrXEhq1pwa8iEgc2DOt4ZZqAt1HtCkPA=
github.com/tidwall/match v1.0.0 h1:Ym1EcFkp+UQ4ptxfWlW+iMdq5cPH5nEuGzdf/Pb7VmI=
github.com/tidwall/match v1.0.0/go.mod h1:LujAq0jyVjBy028G1WhWfIzbpQfMO8bBZ6Tyb0+pL9E=
github.com/ulule/limiter v2.1.0+incompatible h1:cpM1I7Foy69VaA1DGnkQcaeFig6FZugLGTUGifUXelw=
github.com/ulule/limiter v2.1.0+incompatible/go.mod h1:VJx/ZNGmClQDS5F6EmsGqK8j3jz1qJYZ6D9+MdAD+kw=
go.opencensus.io v0.18.0 h1:Mk5rgZcggtbvtAun5aJzAtjKKN/t0R3jJPlWILlv938=
go.opencensus.io v0.18.0/go.mod h1:vKdFvxhtzZ9onBp9VKHK8z/sRpBMnKAsufL7wlDrCOA=
golang.org/x/crypto v0.0.0-20180123095555-3d37316aaa6b h1:VqIuNRBMdkwj3QmFfZdCw5Mzlv4BFaMda+dzdi9gAIQ=
golang.org/x/crypto v0.0.0-20180123095555-3d37316aaa6b/go.mod h1:6SG95UA2DQfeDnfUPMdvaQW0Q7yPrPDi9nlGo2tz2b4=
golang.org/x/net v0.0.0-20180124060956-0ed95abb35c4/go.mod h1:mL1N/T3taQHkDXs73rZJwtUhF3w3ftmwwsq0BUmARs4=
golang.org/x/net v0.0.0-20180906233101-161cd47e91fd h1:nTDtHvHSdCn1m6ITfMRqtOd/9+7a3s8RBNOZ3eYZzJA=
golang.org/x/net v0.0.0-20180906233101-161cd47e91fd/go.mod h1:mL1N/T3taQHkDXs73rZJwtUhF3w3ftmwwsq0BUmARs4=
golang.org/x/oauth2 v0.0.0-20180118004544-b28fcf2b08a1 h1:gRThnsUxGd2h5EB2AOiqLcAxfMF3Y2LQCeru8REL+p0=
golang.org/x/oauth2 v0.0.0-20180118004544-b28fcf2b08a1/go.mod h1:N/0e6XlmueqKjAGxoOufVs8QHGRruUQn6yWY3a++T0U=
golang.org/x/sync v0.0.0-20171101214715-fd80eb99c8f6/go.mod h1:RxMgew5VJxzue5/jJTE5uejpjVlOe/izrB70Jof72aM=
golang.org/x/sync v0.0.0-20180314180146-1d60e4601c6f h1:wMNYb4v58l5UBM7MYRLPG6ZhfOqbKu7X5eyFl8ZhKvA=
golang.org/x/sync v0.0.0-20180314180146-1d60e4601c6f/go.mod h1:RxMgew5VJxzue5/jJTE5uejpjVlOe/izrB70Jof72aM=
golang.org/x/sys v0.0.0-20180125080817-ef802241c90f/go.mod h1:STP8DvDyc/dI5b8T5hshtkjS+E42TnysNCUPdjciGhY=
golang.org/x/sys v0.0.0-20180909124046-d0be0721c37e h1:o3PsSEY8E4eXWkXrIP9YJALUkVZqzHJT5DOasTyn8Vs=
golang.org/x/sys v0.0.0-20180909124046-d0be0721c37e/go.mod h1:STP8DvDyc/dI5b8T5hshtkjS+E42TnysNCUPdjciGhY=
golang.org/x/text v0.0.0-20171227012246-e19ae1496984/go.mod h1:NqM8EUOU14njkJ3fqMW+pc6Ldnwhi/IjpwHt7yyuwOQ=
golang.org/x/text v0.3.0 h1:g61tztE5qeGQ89tm6NTjjM9VPIm088od1l6aSorWRWg=
golang.org/x/text v0.3.0/go.mod h1:NqM8EUOU14njkJ3fqMW+pc6Ldnwhi/IjpwHt7yyuwOQ=
google.golang.org/api v0.0.0-20180125000345-a27ddaf5ce0c/go.mod h1:4mhQ8q/RsB7i+udVvVy5NUi08OU8ZlA0gRVgrF7VFY0=
google.golang.org/api v0.0.0-20180910000450-7ca32eb868bf h1:rjxqQmxjyqerRKEj+tZW+MCm4LgpFXu18bsEoCMgDsk=
google.golang.org/api v0.0.0-20180910000450-7ca32eb868bf/go.mod h1:4mhQ8q/RsB7i+udVvVy5NUi08OU8ZlA0gRVgrF7VFY0=
google.golang.org/appengine v1.0.0/go.mod h1:EbEs0AVv82hx2wNQdGPgUI5lhzA/G0D9YwlJXL52JkM=
google.golang.org/genproto v0.0.0-20180831171423-11092d34479b/go.mod h1:JiN7NxoALGmiZfu7CAH4rXhgtRTLTxftemlI0sWmxmc=
google.golang.org/grpc v1.14.0/go.mod h1:yo6s7OP7yaDglbqo1J04qKzAhqBH6lvTonzMVmEdcZw=
gopkg.in/alexcesaro/statsd.v2 v2.0.0 h1:FXkZSCZIH17vLCO5sO2UucTHsH9pc+17F6pl3JVCwMc=
gopkg.in/alexcesaro/statsd.v2 v2.0.0/go.mod h1:i0ubccKGzBVNBpdGV5MocxyA/XlLUJzA7SLonnE4drU=
gopkg.in/check.v1 v0.0.0-20161208181325-20d25e280405/go.mod h1:Co6ibVJAznAaIkqp8huTwlJQCZ016jof/cbN4VW5Yz0=
gopkg.in/gemnasium/logrus-graylog-hook.v2 v2.0.6 h1:VhKQ8NzYChO4VePobXPCGczlK2H8GLa5O+WDcZDTp4g=
gopkg.in/gemnasium/logrus-graylog-hook.v2 v2.0.6/go.mod h1:TjCYFZzBKSZUVFyW3SLrstKTx3oH4nO4xtXLuaZQT/s=
gopkg.in/yaml.v2 v2.0.0/go.mod h1:JAlM8MvJe8wmxCU4Bli9HhUf9+ttbYbLASfIpnQbh74=
gopkg.in/yaml.v2 v2.2.1 h1:mUhvW9EsL+naU5Q3cakzfE91YhliOondGd6ZrsDBHQE=
gopkg.in/yaml.v2 v2.2.1/go.mod h1:hI93XBmqTisBFMUTm0b8Fm+jr3Dg1NNxqwp+5A1VGuI=
